
Microsoft Visual Studio Solution File, Format Version 12.00
# Visual Studio Version 16
VisualStudioVersion = 16.0.30907.101
MinimumVisualStudioVersion = 10.0.40219.1
Project("{FAE04EC0-301F-11D3-BF4B-00C04F79EFBC}") = "ShopAPI", "ShopAPI\ShopAPI.csproj", "{228AE56F-2AE7-4705-8502-29C055EF6F7D}"
EndProject
Global
	GlobalSection(SolutionConfigurationPlatforms) = preSolution
		Debug|Any CPU = Debug|Any CPU
		Release|Any CPU = Release|Any CPU
	EndGlobalSection
	GlobalSection(ProjectConfigurationPlatforms) = postSolution
		{228AE56F-2AE7-4705-8502-29C055EF6F7D}.Debug|Any CPU.ActiveCfg = Debug|Any CPU
		{228AE56F-2AE7-4705-8502-29C055EF6F7D}.Debug|Any CPU.Build.0 = Debug|Any CPU
		{228AE56F-2AE7-4705-8502-29C055EF6F7D}.Release|Any CPU.ActiveCfg = Release|Any CPU
		{228AE56F-2AE7-4705-8502-29C055EF6F7D}.Release|Any CPU.Build.0 = Release|Any CPU
	EndGlobalSection
	GlobalSection(SolutionProperties) = preSolution
		HideSolutionNode = FALSE
	EndGlobalSection
	GlobalSection(ExtensibilityGlobals) = postSolution
		SolutionGuid = {50266A18-B6D3-4705-890D-0629969DF3FC}
	EndGlobalSection
EndGlobal
