
Microsoft Visual Studio Solution File, Format Version 12.00
# Visual Studio Version 16
VisualStudioVersion = 16.0.30907.101
MinimumVisualStudioVersion = 10.0.40219.1
Project("{FAE04EC0-301F-11D3-BF4B-00C04F79EFBC}") = "Developer- MamaSteveShop", "Developer- MamaSteveShop\Developer- MamaSteveShop.csproj", "{38B3E7B3-DA08-496A-B3DA-08C6F6609050}"
EndProject
Global
	GlobalSection(SolutionConfigurationPlatforms) = preSolution
		Debug|Any CPU = Debug|Any CPU
		Release|Any CPU = Release|Any CPU
	EndGlobalSection
	GlobalSection(ProjectConfigurationPlatforms) = postSolution
		{38B3E7B3-DA08-496A-B3DA-08C6F6609050}.Debug|Any CPU.ActiveCfg = Debug|Any CPU
		{38B3E7B3-DA08-496A-B3DA-08C6F6609050}.Debug|Any CPU.Build.0 = Debug|Any CPU
		{38B3E7B3-DA08-496A-B3DA-08C6F6609050}.Release|Any CPU.ActiveCfg = Release|Any CPU
		{38B3E7B3-DA08-496A-B3DA-08C6F6609050}.Release|Any CPU.Build.0 = Release|Any CPU
	EndGlobalSection
	GlobalSection(SolutionProperties) = preSolution
		HideSolutionNode = FALSE
	EndGlobalSection
	GlobalSection(ExtensibilityGlobals) = postSolution
		SolutionGuid = {80C459F5-2B2F-4DD9-8A77-40D137E217D5}
	EndGlobalSection
EndGlobal
